# This file is autogenerated, do not edit; changes may be undone by the next 'dep ensure'.


[[projects]]
  name = "github.com/gorilla/context"
  packages = ["."]
  revision = "1ea25387ff6f684839d82767c1733ff4d4d15d0a"
  version = "v1.1"

[[projects]]
  name = "github.com/gorilla/mux"
  packages = ["."]
  revision = "bcd8bc72b08df0f70df986b97f95590779502d31"
  version = "v1.4.0"

[[projects]]
  name = "github.com/guregu/null"
  packages = ["."]
  revision = "5d2d1e5a9e25088fb9cc0b0f7cb566250eb42bba"
  version = "v3.2.0"

[[projects]]
  branch = "master"
  name = "github.com/jmoiron/sqlx"
  packages = [".","reflectx"]
  revision = "d9bd385d68c068f1fabb5057e3dedcbcbb039d0f"

[[projects]]
  branch = "master"
  name = "github.com/lib/pq"
  packages = [".","oid"]
  revision = "e42267488fe361b9dc034be7a6bffef5b195bceb"

[[projects]]
  name = "github.com/mattes/migrate"
  packages = [".","database","database/postgres","source","source/file"]
  revision = "035c07716cd373d88456ec4d701402df52584cb4"
  version = "v3.0.1"

[[projects]]
  name = "github.com/sirupsen/logrus"
  packages = ["."]
  revision = "f006c2ac4710855cf0f916dd6b77acf6b048dc6e"
  version = "v1.0.3"

[[projects]]
  branch = "master"
  name = "golang.org/x/crypto"
  packages = ["ssh/terminal"]
  revision = "81e90905daefcd6fd217b62423c0908922eadb30"

[[projects]]
  branch = "master"
  name = "golang.org/x/sys"
  packages = ["unix","windows"]
  revision = "2d6f6f883a06fc0d5f4b14a81e4c28705ea64c15"

[solve-meta]
  analyzer-name = "dep"
  analyzer-version = 1
  inputs-digest = "031161d22ebe948382c0f90f776cc591c6576c9ab3192f97a2c5308991410f11"
  solver-name = "gps-cdcl"
  solver-version = 1
